{
  "sha":"182fffd26f4226b9a1fc24dd217822ea64efc676",
  "sources":[
    {
      "name":"ii-usb",
      "locked_version":"0.1.0",
      "location":{
        "type":"git",
        "value":"git://github.com/ii-cookbooks/ii-usb.git",
        "branch":"master"
      }
    },
    {
      "name":"ii-ubiquity",
      "locked_version":"0.1.0",
      "location":{
        "type":"git",
        "value":"git://github.com/ii-cookbooks/ii-ubiquity.git",
        "branch":"master"
      }
    },
    {
      "name":"ii-lxc",
      "locked_version":"0.0.1",
      "location":{
        "type":"git",
        "value":"git://github.com/ii-cookbooks/ii-lxc.git",
        "branch":"master"
      }
    },
    {
      "name":"ii-knife-workstation",
      "locked_version":"1.2.2",
      "location":{
        "type":"git",
        "value":"git://github.com/ii-cookbooks/ii-knife-workstation.git",
        "branch":"master"
      }
    },
    {
      "name":"ii-chef-server",
      "locked_version":"0.0.1",
      "location":{
        "type":"git",
        "value":"git://github.com/ii-cookbooks/ii-chef-server.git",
        "branch":"master"
      }
    },
    {
      "name":"debmirror",
      "locked_version":"0.0.1",
      "location":{
        "type":"git",
        "value":"git://github.com/hh-cookbooks/debmirror.git",
        "branch":"master"
      }
    },
    {
      "name":"apache2",
      "locked_version":"1.4.2",
      "location":{
        "type":"site",
        "value":"http://cookbooks.opscode.com/api/v1/cookbooks"
      }
    },
    {
      "name":"apt",
      "locked_version":"1.8.2",
      "location":{
        "type":"site",
        "value":"http://cookbooks.opscode.com/api/v1/cookbooks"
      }
    },
    {
      "name":"bluepill",
      "locked_version":"2.2.0",
      "location":{
        "type":"site",
        "value":"http://cookbooks.opscode.com/api/v1/cookbooks"
      }
    },
    {
      "name":"build-essential",
      "locked_version":"1.3.2",
      "location":{
        "type":"site",
        "value":"http://cookbooks.opscode.com/api/v1/cookbooks"
      }
    },
    {
      "name":"daemontools",
      "locked_version":"1.0.0",
      "location":{
        "type":"site",
        "value":"http://cookbooks.opscode.com/api/v1/cookbooks"
      }
    },
    {
      "name":"hosts",
      "locked_version":"0.1.1",
      "location":{
        "type":"site",
        "value":"http://cookbooks.opscode.com/api/v1/cookbooks"
      }
    },
    {
      "name":"ntp",
      "locked_version":"1.3.2",
      "location":{
        "type":"site",
        "value":"http://cookbooks.opscode.com/api/v1/cookbooks"
      }
    },
    {
      "name":"resolver",
      "locked_version":"1.1.0",
      "location":{
        "type":"site",
        "value":"http://cookbooks.opscode.com/api/v1/cookbooks"
      }
    },
    {
      "name":"runit",
      "locked_version":"0.16.2",
      "location":{
        "type":"site",
        "value":"http://cookbooks.opscode.com/api/v1/cookbooks"
      }
    },
    {
      "name":"ucspi-tcp",
      "locked_version":"1.0.0",
      "location":{
        "type":"site",
        "value":"http://cookbooks.opscode.com/api/v1/cookbooks"
      }
    }
  ]}
