cookbook 'ii-usb', :git => 'git://github.com/ii-cookbooks/ii-usb.git', :ref => 'master'
cookbook 'ii-ubiquity', :git => 'git://github.com/ii-cookbooks/ii-ubiquity.git', :ref => 'master'
cookbook 'ii-lxc', :git => 'git://github.com/ii-cookbooks/ii-lxc.git', :ref => 'master'
cookbook 'ii-knife-workstation', :git => 'git://github.com/ii-cookbooks/ii-knife-workstation.git', :ref => 'master'
cookbook 'ii-chef-server', :git => 'git://github.com/ii-cookbooks/ii-chef-server.git', :ref => 'master'
cookbook 'ii-fileserver', :git => 'git://github.com/ii-cookbooks/ii-fileserver.git', :ref => 'master'
cookbook 'debmirror', :git => 'git://github.com/hh-cookbooks/debmirror.git', :ref => 'master'
cookbook 'apache2', :locked_version => '1.3.2'
cookbook 'apt', :locked_version => '1.9.0'
cookbook 'bluepill', :locked_version => '2.2.0'
cookbook 'build-essential', :locked_version => '1.3.0'
cookbook 'daemontools', :locked_version => '1.0.0'
cookbook 'hosts', :locked_version => '0.1.1'
cookbook 'ntp', :locked_version => '1.3.2'
cookbook 'jenkins', :locked_version => '0.6.3'
cookbook 'resolver', :locked_version => '1.1.0'
cookbook 'runit', :locked_version => '1.0.4'
cookbook 'ucspi-tcp', :locked_version => '1.0.0'
cookbook 'ohai', :locked_version => '1.1.4'
cookbook 'rsyslog', :locked_version => '1.5.0'
cookbook 'iptables', :locked_version => '0.12.0'
cookbook 'yum', :locked_version => '2.1.0'
cookbook 'java', :locked_version => '1.9.4'
cookbook 'windows', :locked_version => '1.8.4'
cookbook 'chef_handler', :locked_version => '1.1.4'